
Microsoft Visual Studio Solution File, Format Version 11.00
# Visual Studio 2010
Project("{FAE04EC0-301F-11D3-BF4B-00C04F79EFBC}") = "CsvInserter", "CsvInserter\CsvInserter.csproj", "{FE26FDE2-574F-480E-96E6-4C2A5051D14A}"
EndProject
Project("{FAE04EC0-301F-11D3-BF4B-00C04F79EFBC}") = "LumenWorks.Framework.IO", "LumenWorks.Framework.IO\LumenWorks.Framework.IO.csproj", "{E3B83D68-C90C-4874-8E5F-DEC8D038BC7C}"
EndProject
Project("{FAE04EC0-301F-11D3-BF4B-00C04F79EFBC}") = "LumenWorks.Framework.Tests.Unit", "LumenWorks.Framework.Tests.Unit\LumenWorks.Framework.Tests.Unit.csproj", "{DBF22390-41BC-4E33-BC9E-F381621EBF01}"
EndProject
Project("{FAE04EC0-301F-11D3-BF4B-00C04F79EFBC}") = "CsvInserter.Unit", "CsvInserter.Unit\CsvInserter.Unit.csproj", "{63A90231-56B0-4BA7-9484-B4909890165D}"
EndProject
Project("{FAE04EC0-301F-11D3-BF4B-00C04F79EFBC}") = "CsvInserter.Integration", "CsvInserter.Integration\CsvInserter.Integration.csproj", "{E6F5B9C6-A111-4787-98A1-A8EE8E603D77}"
EndProject
Project("{FAE04EC0-301F-11D3-BF4B-00C04F79EFBC}") = "CsvInserter.Console", "CsvInserter.Console\CsvInserter.Console.csproj", "{339F5DB2-53E0-4958-BC0A-79843A5413FB}"
EndProject
Global
	GlobalSection(SolutionConfigurationPlatforms) = preSolution
		Debug|Any CPU = Debug|Any CPU
		Debug|Mixed Platforms = Debug|Mixed Platforms
		Debug|x86 = Debug|x86
		Release|Any CPU = Release|Any CPU
		Release|Mixed Platforms = Release|Mixed Platforms
		Release|x86 = Release|x86
	EndGlobalSection
	GlobalSection(ProjectConfigurationPlatforms) = postSolution
		{FE26FDE2-574F-480E-96E6-4C2A5051D14A}.Debug|Any CPU.ActiveCfg = Debug|Any CPU
		{FE26FDE2-574F-480E-96E6-4C2A5051D14A}.Debug|Any CPU.Build.0 = Debug|Any CPU
		{FE26FDE2-574F-480E-96E6-4C2A5051D14A}.Debug|Mixed Platforms.ActiveCfg = Debug|x86
		{FE26FDE2-574F-480E-96E6-4C2A5051D14A}.Debug|Mixed Platforms.Build.0 = Debug|x86
		{FE26FDE2-574F-480E-96E6-4C2A5051D14A}.Debug|x86.ActiveCfg = Debug|x86
		{FE26FDE2-574F-480E-96E6-4C2A5051D14A}.Debug|x86.Build.0 = Debug|x86
		{FE26FDE2-574F-480E-96E6-4C2A5051D14A}.Release|Any CPU.ActiveCfg = Release|x86
		{FE26FDE2-574F-480E-96E6-4C2A5051D14A}.Release|Mixed Platforms.ActiveCfg = Release|x86
		{FE26FDE2-574F-480E-96E6-4C2A5051D14A}.Release|Mixed Platforms.Build.0 = Release|x86
		{FE26FDE2-574F-480E-96E6-4C2A5051D14A}.Release|x86.ActiveCfg = Release|x86
		{FE26FDE2-574F-480E-96E6-4C2A5051D14A}.Release|x86.Build.0 = Release|x86
		{E3B83D68-C90C-4874-8E5F-DEC8D038BC7C}.Debug|Any CPU.ActiveCfg = Debug|Any CPU
		{E3B83D68-C90C-4874-8E5F-DEC8D038BC7C}.Debug|Any CPU.Build.0 = Debug|Any CPU
		{E3B83D68-C90C-4874-8E5F-DEC8D038BC7C}.Debug|Mixed Platforms.ActiveCfg = Debug|Any CPU
		{E3B83D68-C90C-4874-8E5F-DEC8D038BC7C}.Debug|Mixed Platforms.Build.0 = Debug|Any CPU
		{E3B83D68-C90C-4874-8E5F-DEC8D038BC7C}.Debug|x86.ActiveCfg = Debug|Any CPU
		{E3B83D68-C90C-4874-8E5F-DEC8D038BC7C}.Release|Any CPU.ActiveCfg = Release|Any CPU
		{E3B83D68-C90C-4874-8E5F-DEC8D038BC7C}.Release|Any CPU.Build.0 = Release|Any CPU
		{E3B83D68-C90C-4874-8E5F-DEC8D038BC7C}.Release|Mixed Platforms.ActiveCfg = Release|Any CPU
		{E3B83D68-C90C-4874-8E5F-DEC8D038BC7C}.Release|Mixed Platforms.Build.0 = Release|Any CPU
		{E3B83D68-C90C-4874-8E5F-DEC8D038BC7C}.Release|x86.ActiveCfg = Release|Any CPU
		{DBF22390-41BC-4E33-BC9E-F381621EBF01}.Debug|Any CPU.ActiveCfg = Debug|Any CPU
		{DBF22390-41BC-4E33-BC9E-F381621EBF01}.Debug|Any CPU.Build.0 = Debug|Any CPU
		{DBF22390-41BC-4E33-BC9E-F381621EBF01}.Debug|Mixed Platforms.ActiveCfg = Debug|Any CPU
		{DBF22390-41BC-4E33-BC9E-F381621EBF01}.Debug|Mixed Platforms.Build.0 = Debug|Any CPU
		{DBF22390-41BC-4E33-BC9E-F381621EBF01}.Debug|x86.ActiveCfg = Debug|Any CPU
		{DBF22390-41BC-4E33-BC9E-F381621EBF01}.Release|Any CPU.ActiveCfg = Release|Any CPU
		{DBF22390-41BC-4E33-BC9E-F381621EBF01}.Release|Any CPU.Build.0 = Release|Any CPU
		{DBF22390-41BC-4E33-BC9E-F381621EBF01}.Release|Mixed Platforms.ActiveCfg = Release|Any CPU
		{DBF22390-41BC-4E33-BC9E-F381621EBF01}.Release|Mixed Platforms.Build.0 = Release|Any CPU
		{DBF22390-41BC-4E33-BC9E-F381621EBF01}.Release|x86.ActiveCfg = Release|Any CPU
		{63A90231-56B0-4BA7-9484-B4909890165D}.Debug|Any CPU.ActiveCfg = Debug|Any CPU
		{63A90231-56B0-4BA7-9484-B4909890165D}.Debug|Any CPU.Build.0 = Debug|Any CPU
		{63A90231-56B0-4BA7-9484-B4909890165D}.Debug|Mixed Platforms.ActiveCfg = Debug|Any CPU
		{63A90231-56B0-4BA7-9484-B4909890165D}.Debug|Mixed Platforms.Build.0 = Debug|Any CPU
		{63A90231-56B0-4BA7-9484-B4909890165D}.Debug|x86.ActiveCfg = Debug|Any CPU
		{63A90231-56B0-4BA7-9484-B4909890165D}.Release|Any CPU.ActiveCfg = Release|Any CPU
		{63A90231-56B0-4BA7-9484-B4909890165D}.Release|Any CPU.Build.0 = Release|Any CPU
		{63A90231-56B0-4BA7-9484-B4909890165D}.Release|Mixed Platforms.ActiveCfg = Release|Any CPU
		{63A90231-56B0-4BA7-9484-B4909890165D}.Release|Mixed Platforms.Build.0 = Release|Any CPU
		{63A90231-56B0-4BA7-9484-B4909890165D}.Release|x86.ActiveCfg = Release|Any CPU
		{E6F5B9C6-A111-4787-98A1-A8EE8E603D77}.Debug|Any CPU.ActiveCfg = Debug|Any CPU
		{E6F5B9C6-A111-4787-98A1-A8EE8E603D77}.Debug|Any CPU.Build.0 = Debug|Any CPU
		{E6F5B9C6-A111-4787-98A1-A8EE8E603D77}.Debug|Mixed Platforms.ActiveCfg = Debug|Any CPU
		{E6F5B9C6-A111-4787-98A1-A8EE8E603D77}.Debug|Mixed Platforms.Build.0 = Debug|Any CPU
		{E6F5B9C6-A111-4787-98A1-A8EE8E603D77}.Debug|x86.ActiveCfg = Debug|Any CPU
		{E6F5B9C6-A111-4787-98A1-A8EE8E603D77}.Release|Any CPU.ActiveCfg = Release|Any CPU
		{E6F5B9C6-A111-4787-98A1-A8EE8E603D77}.Release|Any CPU.Build.0 = Release|Any CPU
		{E6F5B9C6-A111-4787-98A1-A8EE8E603D77}.Release|Mixed Platforms.ActiveCfg = Release|Any CPU
		{E6F5B9C6-A111-4787-98A1-A8EE8E603D77}.Release|Mixed Platforms.Build.0 = Release|Any CPU
		{E6F5B9C6-A111-4787-98A1-A8EE8E603D77}.Release|x86.ActiveCfg = Release|Any CPU
		{339F5DB2-53E0-4958-BC0A-79843A5413FB}.Debug|Any CPU.ActiveCfg = Debug|x86
		{339F5DB2-53E0-4958-BC0A-79843A5413FB}.Debug|Any CPU.Build.0 = Debug|x86
		{339F5DB2-53E0-4958-BC0A-79843A5413FB}.Debug|Mixed Platforms.ActiveCfg = Debug|x86
		{339F5DB2-53E0-4958-BC0A-79843A5413FB}.Debug|Mixed Platforms.Build.0 = Debug|x86
		{339F5DB2-53E0-4958-BC0A-79843A5413FB}.Debug|x86.ActiveCfg = Debug|x86
		{339F5DB2-53E0-4958-BC0A-79843A5413FB}.Debug|x86.Build.0 = Debug|x86
		{339F5DB2-53E0-4958-BC0A-79843A5413FB}.Release|Any CPU.ActiveCfg = Release|x86
		{339F5DB2-53E0-4958-BC0A-79843A5413FB}.Release|Mixed Platforms.ActiveCfg = Release|x86
		{339F5DB2-53E0-4958-BC0A-79843A5413FB}.Release|Mixed Platforms.Build.0 = Release|x86
		{339F5DB2-53E0-4958-BC0A-79843A5413FB}.Release|x86.ActiveCfg = Release|x86
		{339F5DB2-53E0-4958-BC0A-79843A5413FB}.Release|x86.Build.0 = Release|x86
	EndGlobalSection
	GlobalSection(SolutionProperties) = preSolution
		HideSolutionNode = FALSE
	EndGlobalSection
EndGlobal
